
Microsoft Visual Studio Solution File, Format Version 12.00
# Visual Studio Version 17
VisualStudioVersion = 17.9.34728.123
MinimumVisualStudioVersion = 10.0.40219.1
Project("{9A19103F-16F7-4668-BE54-9A1E7A4F7556}") = "CustomerIdentityService.API", "CustomerIdentityService.API\CustomerIdentityService.API.csproj", "{5C5C9898-530D-46E7-8060-2AEFD7B7235A}"
EndProject
Project("{9A19103F-16F7-4668-BE54-9A1E7A4F7556}") = "CustomerIdentityService.Application", "CustomerIdentityService.Application\CustomerIdentityService.Application.csproj", "{943D7F12-5B59-4A53-A239-399D0145F33A}"
EndProject
Project("{9A19103F-16F7-4668-BE54-9A1E7A4F7556}") = "CustomerIdentityService.Infrastructure", "CustomerIdentityService.Infrastructure\CustomerIdentityService.Infrastructure.csproj", "{6E6FDD0F-D7A3-43D4-8439-4DCAF36943D3}"
EndProject
Project("{2150E333-8FDC-42A3-9474-1A3956D46DE8}") = "src", "src", "{64461473-53F1-45BC-903A-D6FFA5438498}"
EndProject
Project("{2150E333-8FDC-42A3-9474-1A3956D46DE8}") = "test", "test", "{7F53D2B1-DD3A-492E-8D1D-8CD4EF19177C}"
EndProject
Project("{9A19103F-16F7-4668-BE54-9A1E7A4F7556}") = "CustomerIdentityService.Application.Tests", "CustomerIdentityService.Application.Tests\CustomerIdentityService.Application.Tests.csproj", "{04794E9E-CA9A-4867-9F9C-F5218A51F7BF}"
EndProject
Project("{2150E333-8FDC-42A3-9474-1A3956D46DE8}") = "Solution Items", "Solution Items", "{1A1B0D45-8CE8-437C-AC5A-B58732385DE2}"
	ProjectSection(SolutionItems) = preProject
		.gitignore = .gitignore
		Directory.Build.props = Directory.Build.props
		README.md = README.md
	EndProjectSection
EndProject
Project("{FAE04EC0-301F-11D3-BF4B-00C04F79EFBC}") = "CustomerIdentityService.Core.Tests", "CustomerIdentityService.Core.Tests\CustomerIdentityService.Core.Tests.csproj", "{70309FFD-E639-47D8-B216-D792A452BD5D}"
EndProject
Project("{FAE04EC0-301F-11D3-BF4B-00C04F79EFBC}") = "CustomerIdentityService.Core", "CustomerIdentityService.Core\CustomerIdentityService.Core.csproj", "{2EE55688-EEBE-4256-A7B3-C0C0DBA2A56A}"
EndProject
Global
	GlobalSection(SolutionConfigurationPlatforms) = preSolution
		Debug|Any CPU = Debug|Any CPU
		Release|Any CPU = Release|Any CPU
	EndGlobalSection
	GlobalSection(ProjectConfigurationPlatforms) = postSolution
		{5C5C9898-530D-46E7-8060-2AEFD7B7235A}.Debug|Any CPU.ActiveCfg = Debug|Any CPU
		{5C5C9898-530D-46E7-8060-2AEFD7B7235A}.Debug|Any CPU.Build.0 = Debug|Any CPU
		{5C5C9898-530D-46E7-8060-2AEFD7B7235A}.Release|Any CPU.ActiveCfg = Release|Any CPU
		{5C5C9898-530D-46E7-8060-2AEFD7B7235A}.Release|Any CPU.Build.0 = Release|Any CPU
		{943D7F12-5B59-4A53-A239-399D0145F33A}.Debug|Any CPU.ActiveCfg = Debug|Any CPU
		{943D7F12-5B59-4A53-A239-399D0145F33A}.Debug|Any CPU.Build.0 = Debug|Any CPU
		{943D7F12-5B59-4A53-A239-399D0145F33A}.Release|Any CPU.ActiveCfg = Release|Any CPU
		{943D7F12-5B59-4A53-A239-399D0145F33A}.Release|Any CPU.Build.0 = Release|Any CPU
		{6E6FDD0F-D7A3-43D4-8439-4DCAF36943D3}.Debug|Any CPU.ActiveCfg = Debug|Any CPU
		{6E6FDD0F-D7A3-43D4-8439-4DCAF36943D3}.Debug|Any CPU.Build.0 = Debug|Any CPU
		{6E6FDD0F-D7A3-43D4-8439-4DCAF36943D3}.Release|Any CPU.ActiveCfg = Release|Any CPU
		{6E6FDD0F-D7A3-43D4-8439-4DCAF36943D3}.Release|Any CPU.Build.0 = Release|Any CPU
		{04794E9E-CA9A-4867-9F9C-F5218A51F7BF}.Debug|Any CPU.ActiveCfg = Debug|Any CPU
		{04794E9E-CA9A-4867-9F9C-F5218A51F7BF}.Debug|Any CPU.Build.0 = Debug|Any CPU
		{04794E9E-CA9A-4867-9F9C-F5218A51F7BF}.Release|Any CPU.ActiveCfg = Release|Any CPU
		{04794E9E-CA9A-4867-9F9C-F5218A51F7BF}.Release|Any CPU.Build.0 = Release|Any CPU
		{70309FFD-E639-47D8-B216-D792A452BD5D}.Debug|Any CPU.ActiveCfg = Debug|Any CPU
		{70309FFD-E639-47D8-B216-D792A452BD5D}.Debug|Any CPU.Build.0 = Debug|Any CPU
		{70309FFD-E639-47D8-B216-D792A452BD5D}.Release|Any CPU.ActiveCfg = Release|Any CPU
		{70309FFD-E639-47D8-B216-D792A452BD5D}.Release|Any CPU.Build.0 = Release|Any CPU
		{2EE55688-EEBE-4256-A7B3-C0C0DBA2A56A}.Debug|Any CPU.ActiveCfg = Debug|Any CPU
		{2EE55688-EEBE-4256-A7B3-C0C0DBA2A56A}.Debug|Any CPU.Build.0 = Debug|Any CPU
		{2EE55688-EEBE-4256-A7B3-C0C0DBA2A56A}.Release|Any CPU.ActiveCfg = Release|Any CPU
		{2EE55688-EEBE-4256-A7B3-C0C0DBA2A56A}.Release|Any CPU.Build.0 = Release|Any CPU
	EndGlobalSection
	GlobalSection(SolutionProperties) = preSolution
		HideSolutionNode = FALSE
	EndGlobalSection
	GlobalSection(NestedProjects) = preSolution
		{5C5C9898-530D-46E7-8060-2AEFD7B7235A} = {64461473-53F1-45BC-903A-D6FFA5438498}
		{943D7F12-5B59-4A53-A239-399D0145F33A} = {64461473-53F1-45BC-903A-D6FFA5438498}
		{6E6FDD0F-D7A3-43D4-8439-4DCAF36943D3} = {64461473-53F1-45BC-903A-D6FFA5438498}
		{04794E9E-CA9A-4867-9F9C-F5218A51F7BF} = {7F53D2B1-DD3A-492E-8D1D-8CD4EF19177C}
		{70309FFD-E639-47D8-B216-D792A452BD5D} = {7F53D2B1-DD3A-492E-8D1D-8CD4EF19177C}
		{2EE55688-EEBE-4256-A7B3-C0C0DBA2A56A} = {64461473-53F1-45BC-903A-D6FFA5438498}
	EndGlobalSection
	GlobalSection(ExtensibilityGlobals) = postSolution
		SolutionGuid = {0A11790B-2746-43B4-BB51-19DAEAAECF0E}
	EndGlobalSection
EndGlobal
